
Microsoft Visual Studio Solution File, Format Version 12.00
# Visual Studio Version 17
VisualStudioVersion = 17.0.31912.275
MinimumVisualStudioVersion = 10.0.40219.1
Project("{FAE04EC0-301F-11D3-BF4B-00C04F79EFBC}") = "Masterly.Autofac.Interfaces", "Masterly.Autofac.Abstraction\Masterly.Autofac.Interfaces.csproj", "{5A76BE1A-1203-4363-8A84-1AC028CD633E}"
EndProject
Global
	GlobalSection(SolutionConfigurationPlatforms) = preSolution
		Debug|Any CPU = Debug|Any CPU
		Release|Any CPU = Release|Any CPU
	EndGlobalSection
	GlobalSection(ProjectConfigurationPlatforms) = postSolution
		{5A76BE1A-1203-4363-8A84-1AC028CD633E}.Debug|Any CPU.ActiveCfg = Debug|Any CPU
		{5A76BE1A-1203-4363-8A84-1AC028CD633E}.Debug|Any CPU.Build.0 = Debug|Any CPU
		{5A76BE1A-1203-4363-8A84-1AC028CD633E}.Release|Any CPU.ActiveCfg = Release|Any CPU
		{5A76BE1A-1203-4363-8A84-1AC028CD633E}.Release|Any CPU.Build.0 = Release|Any CPU
	EndGlobalSection
	GlobalSection(SolutionProperties) = preSolution
		HideSolutionNode = FALSE
	EndGlobalSection
	GlobalSection(ExtensibilityGlobals) = postSolution
		SolutionGuid = {5E2E9EBD-2203-45C5-B8DA-45A77D9034FE}
	EndGlobalSection
EndGlobal
